
Microsoft Visual Studio Solution File, Format Version 12.00
# Visual Studio 15
VisualStudioVersion = 15.0.28010.2019
MinimumVisualStudioVersion = 10.0.40219.1
Project("{FAE04EC0-301F-11D3-BF4B-00C04F79EFBC}") = "ConsoleEz", "ConsoleEz\ConsoleEz.csproj", "{69ED6406-F820-4727-BC85-B4E77A749E7C}"
EndProject
Global
	GlobalSection(SolutionConfigurationPlatforms) = preSolution
		Debug|Any CPU = Debug|Any CPU
		Release|Any CPU = Release|Any CPU
	EndGlobalSection
	GlobalSection(ProjectConfigurationPlatforms) = postSolution
		{69ED6406-F820-4727-BC85-B4E77A749E7C}.Debug|Any CPU.ActiveCfg = Debug|Any CPU
		{69ED6406-F820-4727-BC85-B4E77A749E7C}.Debug|Any CPU.Build.0 = Debug|Any CPU
		{69ED6406-F820-4727-BC85-B4E77A749E7C}.Release|Any CPU.ActiveCfg = Release|Any CPU
		{69ED6406-F820-4727-BC85-B4E77A749E7C}.Release|Any CPU.Build.0 = Release|Any CPU
	EndGlobalSection
	GlobalSection(SolutionProperties) = preSolution
		HideSolutionNode = FALSE
	EndGlobalSection
	GlobalSection(ExtensibilityGlobals) = postSolution
		SolutionGuid = {30CCB5EC-F98D-4F38-834B-8A07B2100461}
	EndGlobalSection
EndGlobal
